// !$*UTF8*$!
{
	archiveVersion = 1;
	classes = {
	};
	objectVersion = 46;
	objects = {

/* Begin PBXBuildFile section */
		9625EE846E94C2FB39C990FE /* libPods.a in Frameworks */ = {isa = PBXBuildFile; fileRef = CB72BBBDD1D00ECFF5CAB33D /* libPods.a */; };
		B52EB39D1B69120900E5C95F /* splash768x1024.png in Resources */ = {isa = PBXBuildFile; fileRef = B52EB3941B69120900E5C95F /* splash768x1024.png */; };
		B52EB39E1B69120900E5C95F /* splash1024x768.png in Resources */ = {isa = PBXBuildFile; fileRef = B52EB3951B69120900E5C95F /* splash1024x768.png */; };
		B52EB39F1B69120900E5C95F /* splash1536x2048.png in Resources */ = {isa = PBXBuildFile; fileRef = B52EB3961B69120900E5C95F /* splash1536x2048.png */; };
		B52EB3A01B69120900E5C95F /* splash2048x1536.png in Resources */ = {isa = PBXBuildFile; fileRef = B52EB3971B69120900E5C95F /* splash2048x1536.png */; };
		B52EB3A11B69120900E5C95F /* splash2208x1242.png in Resources */ = {isa = PBXBuildFile; fileRef = B52EB3981B69120900E5C95F /* splash2208x1242.png */; };
		B52FEBAC1B822E1C00973233 /* Reachability.m in Sources */ = {isa = PBXBuildFile; fileRef = B52FEBAB1B822E1C00973233 /* Reachability.m */; };
		B53178C01A48985C00B370B1 /* Home.m in Sources */ = {isa = PBXBuildFile; fileRef = B53178BF1A48985C00B370B1 /* Home.m */; };
		B55F633F1A2656D2003EA3D1 /* Images.xcassets in Resources */ = {isa = PBXBuildFile; fileRef = B55F633E1A2656D2003EA3D1 /* Images.xcassets */; };
		B55F634E1A2656D3003EA3D1 /* AVCBTests.m in Sources */ = {isa = PBXBuildFile; fileRef = B55F634D1A2656D3003EA3D1 /* AVCBTests.m */; };
		B55F63621A266138003EA3D1 /* AppDelegate.m in Sources */ = {isa = PBXBuildFile; fileRef = B55F63611A266138003EA3D1 /* AppDelegate.m */; };
		B55F63661A266154003EA3D1 /* Main.storyboard in Resources */ = {isa = PBXBuildFile; fileRef = B55F63641A266154003EA3D1 /* Main.storyboard */; };
		B55F636A1A266163003EA3D1 /* main.m in Sources */ = {isa = PBXBuildFile; fileRef = B55F63681A266163003EA3D1 /* main.m */; };
		B55F63831A27586F003EA3D1 /* turorial22x22@2x.png in Resources */ = {isa = PBXBuildFile; fileRef = B55F63811A27586F003EA3D1 /* turorial22x22@2x.png */; };
		B55F63841A27586F003EA3D1 /* turorial22x22@3x.png in Resources */ = {isa = PBXBuildFile; fileRef = B55F63821A27586F003EA3D1 /* turorial22x22@3x.png */; };
		B55F63861A27587C003EA3D1 /* turorial22x22.png in Resources */ = {isa = PBXBuildFile; fileRef = B55F63851A27587C003EA3D1 /* turorial22x22.png */; };
		B5A0E6951B14BA730016A7E6 /* CoreLocation.framework in Frameworks */ = {isa = PBXBuildFile; fileRef = B5A0E6941B14BA730016A7E6 /* CoreLocation.framework */; };
		B5A0E6971B14BB6D0016A7E6 /* MapKit.framework in Frameworks */ = {isa = PBXBuildFile; fileRef = B5A0E6961B14BB6D0016A7E6 /* MapKit.framework */; };
		B5A0E6991B14F42F0016A7E6 /* SystemConfiguration.framework in Frameworks */ = {isa = PBXBuildFile; fileRef = B5A0E6981B14F42F0016A7E6 /* SystemConfiguration.framework */; };
		B5C3FA141A279DE60062F014 /* AutoRes.m in Sources */ = {isa = PBXBuildFile; fileRef = B5C3FA131A279DE60062F014 /* AutoRes.m */; };
		B5C3FA1E1A27A12C0062F014 /* Util.m in Sources */ = {isa = PBXBuildFile; fileRef = B5C3FA1D1A27A12C0062F014 /* Util.m */; };
		B5C3FA201A27A3D40062F014 /* AVCB-Configuracoes.plist in Resources */ = {isa = PBXBuildFile; fileRef = B5C3FA1F1A27A3D40062F014 /* AVCB-Configuracoes.plist */; };
		FF1B3C991B8F61400081E66A /* AVCBBanner.m in Sources */ = {isa = PBXBuildFile; fileRef = FF1B3C981B8F61400081E66A /* AVCBBanner.m */; };
		FF1B3C9C1B8F76B50081E66A /* ic_cam.png in Resources */ = {isa = PBXBuildFile; fileRef = FF1B3C9B1B8F76B50081E66A /* ic_cam.png */; };
		FF6480141B95C94200A31E79 /* Icon-29.png in Resources */ = {isa = PBXBuildFile; fileRef = FF6480051B95C94200A31E79 /* Icon-29.png */; };
		FF6480151B95C94200A31E79 /* Icon-40.png in Resources */ = {isa = PBXBuildFile; fileRef = FF6480061B95C94200A31E79 /* Icon-40.png */; };
		FF6480161B95C94200A31E79 /* Icon-50.png in Resources */ = {isa = PBXBuildFile; fileRef = FF6480071B95C94200A31E79 /* Icon-50.png */; };
		FF6480171B95C94200A31E79 /* Icon-57.png in Resources */ = {isa = PBXBuildFile; fileRef = FF6480081B95C94200A31E79 /* Icon-57.png */; };
		FF6480181B95C94200A31E79 /* Icon-58.png in Resources */ = {isa = PBXBuildFile; fileRef = FF6480091B95C94200A31E79 /* Icon-58.png */; };
		FF6480191B95C94200A31E79 /* Icon-72.png in Resources */ = {isa = PBXBuildFile; fileRef = FF64800A1B95C94200A31E79 /* Icon-72.png */; };
		FF64801A1B95C94200A31E79 /* Icon-76.png in Resources */ = {isa = PBXBuildFile; fileRef = FF64800B1B95C94200A31E79 /* Icon-76.png */; };
		FF64801B1B95C94200A31E79 /* Icon-80.png in Resources */ = {isa = PBXBuildFile; fileRef = FF64800C1B95C94200A31E79 /* Icon-80.png */; };
		FF64801C1B95C94200A31E79 /* Icon-87.png in Resources */ = {isa = PBXBuildFile; fileRef = FF64800D1B95C94200A31E79 /* Icon-87.png */; };
		FF64801D1B95C94200A31E79 /* Icon-100.png in Resources */ = {isa = PBXBuildFile; fileRef = FF64800E1B95C94200A31E79 /* Icon-100.png */; };
		FF64801E1B95C94200A31E79 /* Icon-114.png in Resources */ = {isa = PBXBuildFile; fileRef = FF64800F1B95C94200A31E79 /* Icon-114.png */; };
		FF64801F1B95C94200A31E79 /* Icon-120.png in Resources */ = {isa = PBXBuildFile; fileRef = FF6480101B95C94200A31E79 /* Icon-120.png */; };
		FF6480201B95C94200A31E79 /* Icon-144.png in Resources */ = {isa = PBXBuildFile; fileRef = FF6480111B95C94200A31E79 /* Icon-144.png */; };
		FF6480211B95C94200A31E79 /* Icon-152.png in Resources */ = {isa = PBXBuildFile; fileRef = FF6480121B95C94200A31E79 /* Icon-152.png */; };
		FF6480221B95C94200A31E79 /* Icon-180.png in Resources */ = {isa = PBXBuildFile; fileRef = FF6480131B95C94200A31E79 /* Icon-180.png */; };
		FF64802D1B95CA0F00A31E79 /* splash320x480.png in Resources */ = {isa = PBXBuildFile; fileRef = FF6480231B95CA0F00A31E79 /* splash320x480.png */; };
		FF64802E1B95CA0F00A31E79 /* splash640x960.png in Resources */ = {isa = PBXBuildFile; fileRef = FF6480241B95CA0F00A31E79 /* splash640x960.png */; };
		FF64802F1B95CA0F00A31E79 /* splash640x1136.png in Resources */ = {isa = PBXBuildFile; fileRef = FF6480251B95CA0F00A31E79 /* splash640x1136.png */; };
		FF6480301B95CA0F00A31E79 /* splash750x1334.png in Resources */ = {isa = PBXBuildFile; fileRef = FF6480261B95CA0F00A31E79 /* splash750x1334.png */; };
		FF6480311B95CA0F00A31E79 /* splash768x1004.png in Resources */ = {isa = PBXBuildFile; fileRef = FF6480271B95CA0F00A31E79 /* splash768x1004.png */; };
		FF6480321B95CA0F00A31E79 /* splash1024x748.png in Resources */ = {isa = PBXBuildFile; fileRef = FF6480281B95CA0F00A31E79 /* splash1024x748.png */; };
		FF6480331B95CA0F00A31E79 /* splash1242x2208.png in Resources */ = {isa = PBXBuildFile; fileRef = FF6480291B95CA0F00A31E79 /* splash1242x2208.png */; };
		FF6480341B95CA0F00A31E79 /* splash1536x2008.png in Resources */ = {isa = PBXBuildFile; fileRef = FF64802A1B95CA0F00A31E79 /* splash1536x2008.png */; };
		FF6480351B95CA0F00A31E79 /* splash2048x1236.png in Resources */ = {isa = PBXBuildFile; fileRef = FF64802B1B95CA0F00A31E79 /* splash2048x1236.png */; };
		FF6480361B95CA0F00A31E79 /* splash2048x1496.png in Resources */ = {isa = PBXBuildFile; fileRef = FF64802C1B95CA0F00A31E79 /* splash2048x1496.png */; };
		FF6480381B95CAB900A31E79 /* banner.png in Resources */ = {isa = PBXBuildFile; fileRef = FF6480371B95CAB900A31E79 /* banner.png */; };
		FF7E8BDE1B96202400ECC45F /* banner_320.png in Resources */ = {isa = PBXBuildFile; fileRef = FF7E8BD91B96202400ECC45F /* banner_320.png */; };
		FF7E8BDF1B96202400ECC45F /* banner_640.png in Resources */ = {isa = PBXBuildFile; fileRef = FF7E8BDA1B96202400ECC45F /* banner_640.png */; };
		FF7E8BE01B96202400ECC45F /* banner_768x89.png in Resources */ = {isa = PBXBuildFile; fileRef = FF7E8BDB1B96202400ECC45F /* banner_768x89.png */; };
		FF7E8BE11B96202400ECC45F /* banner_960.png in Resources */ = {isa = PBXBuildFile; fileRef = FF7E8BDC1B96202400ECC45F /* banner_960.png */; };
		FF7E8BE21B96202400ECC45F /* banner_1536x178.png in Resources */ = {isa = PBXBuildFile; fileRef = FF7E8BDD1B96202400ECC45F /* banner_1536x178.png */; };
		FF9844A41B971A5700EB7EC4 /* Resultado.m in Sources */ = {isa = PBXBuildFile; fileRef = FF9844A31B971A5700EB7EC4 /* Resultado.m */; };
		FFB7A9021BA85D13002E8236 /* Informacao.m in Sources */ = {isa = PBXBuildFile; fileRef = FFB7A9011BA85D13002E8236 /* Informacao.m */; };
		FFDD80281B7D0C4100681462 /* WebViewController.m in Sources */ = {isa = PBXBuildFile; fileRef = FFDD80271B7D0C4100681462 /* WebViewController.m */; };
/* End PBXBuildFile section */

/* Begin PBXContainerItemProxy section */
		B55F63481A2656D2003EA3D1 /* PBXContainerItemProxy */ = {
			isa = PBXContainerItemProxy;
			containerPortal = B55F63261A2656D2003EA3D1 /* Project object */;
			proxyType = 1;
			remoteGlobalIDString = B55F632D1A2656D2003EA3D1;
			remoteInfo = AVCB;
		};
/* End PBXContainerItemProxy section */

/* Begin PBXFileReference section */
		1C415F0AF01E3607B72833BE /* Pods.release.xcconfig */ = {isa = PBXFileReference; includeInIndex = 1; lastKnownFileType = text.xcconfig; name = Pods.release.xcconfig; path = "Pods/Target Support Files/Pods/Pods.release.xcconfig"; sourceTree = "<group>"; };
		B52EB3941B69120900E5C95F /* splash768x1024.png */ = {isa = PBXFileReference; lastKnownFileType = image.png; name = splash768x1024.png; path = Resource/Images/Splash/splash768x1024.png; sourceTree = "<group>"; };
		B52EB3951B69120900E5C95F /* splash1024x768.png */ = {isa = PBXFileReference; lastKnownFileType = image.png; name = splash1024x768.png; path = Resource/Images/Splash/splash1024x768.png; sourceTree = "<group>"; };
		B52EB3961B69120900E5C95F /* splash1536x2048.png */ = {isa = PBXFileReference; lastKnownFileType = image.png; name = splash1536x2048.png; path = Resource/Images/Splash/splash1536x2048.png; sourceTree = "<group>"; };
		B52EB3971B69120900E5C95F /* splash2048x1536.png */ = {isa = PBXFileReference; lastKnownFileType = image.png; name = splash2048x1536.png; path = Resource/Images/Splash/splash2048x1536.png; sourceTree = "<group>"; };
		B52EB3981B69120900E5C95F /* splash2208x1242.png */ = {isa = PBXFileReference; lastKnownFileType = image.png; name = splash2208x1242.png; path = Resource/Images/Splash/splash2208x1242.png; sourceTree = "<group>"; };
		B52FEBAA1B822E1C00973233 /* Reachability.h */ = {isa = PBXFileReference; fileEncoding = 4; lastKnownFileType = sourcecode.c.h; name = Reachability.h; path = Source/Utils/Reachability.h; sourceTree = "<group>"; };
		B52FEBAB1B822E1C00973233 /* Reachability.m */ = {isa = PBXFileReference; fileEncoding = 4; lastKnownFileType = sourcecode.c.objc; name = Reachability.m; path = Source/Utils/Reachability.m; sourceTree = "<group>"; };
		B53178BE1A48985C00B370B1 /* Home.h */ = {isa = PBXFileReference; fileEncoding = 4; lastKnownFileType = sourcecode.c.h; name = Home.h; path = Source/Controllers/Home.h; sourceTree = "<group>"; };
		B53178BF1A48985C00B370B1 /* Home.m */ = {isa = PBXFileReference; fileEncoding = 4; lastKnownFileType = sourcecode.c.objc; name = Home.m; path = Source/Controllers/Home.m; sourceTree = "<group>"; };
		B55F632E1A2656D2003EA3D1 /* AVCB.app */ = {isa = PBXFileReference; explicitFileType = wrapper.application; includeInIndex = 0; path = AVCB.app; sourceTree = BUILT_PRODUCTS_DIR; };
		B55F633E1A2656D2003EA3D1 /* Images.xcassets */ = {isa = PBXFileReference; lastKnownFileType = folder.assetcatalog; path = Images.xcassets; sourceTree = "<group>"; };
		B55F63471A2656D2003EA3D1 /* AVCBTests.xctest */ = {isa = PBXFileReference; explicitFileType = wrapper.cfbundle; includeInIndex = 0; path = AVCBTests.xctest; sourceTree = BUILT_PRODUCTS_DIR; };
		B55F634C1A2656D2003EA3D1 /* Info.plist */ = {isa = PBXFileReference; lastKnownFileType = text.plist.xml; path = Info.plist; sourceTree = "<group>"; };
		B55F634D1A2656D3003EA3D1 /* AVCBTests.m */ = {isa = PBXFileReference; lastKnownFileType = sourcecode.c.objc; path = AVCBTests.m; sourceTree = "<group>"; };
		B55F63601A266138003EA3D1 /* AppDelegate.h */ = {isa = PBXFileReference; fileEncoding = 4; lastKnownFileType = sourcecode.c.h; name = AppDelegate.h; path = Source/Controllers/Main/AppDelegate.h; sourceTree = "<group>"; };
		B55F63611A266138003EA3D1 /* AppDelegate.m */ = {isa = PBXFileReference; fileEncoding = 4; lastKnownFileType = sourcecode.c.objc; name = AppDelegate.m; path = Source/Controllers/Main/AppDelegate.m; sourceTree = "<group>"; };
		B55F63641A266154003EA3D1 /* Main.storyboard */ = {isa = PBXFileReference; fileEncoding = 4; lastKnownFileType = file.storyboard; name = Main.storyboard; path = Resource/Storyboard/Main.storyboard; sourceTree = "<group>"; };
		B55F63671A266163003EA3D1 /* Info.plist */ = {isa = PBXFileReference; fileEncoding = 4; lastKnownFileType = text.plist.xml; name = Info.plist; path = "Resource/Supporting Files/Info.plist"; sourceTree = "<group>"; };
		B55F63681A266163003EA3D1 /* main.m */ = {isa = PBXFileReference; fileEncoding = 4; lastKnownFileType = sourcecode.c.objc; name = main.m; path = "Resource/Supporting Files/main.m"; sourceTree = "<group>"; };
		B55F63811A27586F003EA3D1 /* turorial22x22@2x.png */ = {isa = PBXFileReference; lastKnownFileType = image.png; name = "turorial22x22@2x.png"; path = "Resource/Images/turorial22x22@2x.png"; sourceTree = "<group>"; };
		B55F63821A27586F003EA3D1 /* turorial22x22@3x.png */ = {isa = PBXFileReference; lastKnownFileType = image.png; name = "turorial22x22@3x.png"; path = "Resource/Images/turorial22x22@3x.png"; sourceTree = "<group>"; };
		B55F63851A27587C003EA3D1 /* turorial22x22.png */ = {isa = PBXFileReference; lastKnownFileType = image.png; name = turorial22x22.png; path = Resource/Images/turorial22x22.png; sourceTree = "<group>"; };
		B5A0E6941B14BA730016A7E6 /* CoreLocation.framework */ = {isa = PBXFileReference; lastKnownFileType = wrapper.framework; name = CoreLocation.framework; path = System/Library/Frameworks/CoreLocation.framework; sourceTree = SDKROOT; };
		B5A0E6961B14BB6D0016A7E6 /* MapKit.framework */ = {isa = PBXFileReference; lastKnownFileType = wrapper.framework; name = MapKit.framework; path = System/Library/Frameworks/MapKit.framework; sourceTree = SDKROOT; };
		B5A0E6981B14F42F0016A7E6 /* SystemConfiguration.framework */ = {isa = PBXFileReference; lastKnownFileType = wrapper.framework; name = SystemConfiguration.framework; path = System/Library/Frameworks/SystemConfiguration.framework; sourceTree = SDKROOT; };
		B5C3FA121A279DE60062F014 /* AutoRes.h */ = {isa = PBXFileReference; fileEncoding = 4; lastKnownFileType = sourcecode.c.h; name = AutoRes.h; path = Source/Models/AutoRes.h; sourceTree = "<group>"; };
		B5C3FA131A279DE60062F014 /* AutoRes.m */ = {isa = PBXFileReference; fileEncoding = 4; lastKnownFileType = sourcecode.c.objc; name = AutoRes.m; path = Source/Models/AutoRes.m; sourceTree = "<group>"; };
		B5C3FA191A279F020062F014 /* Mapping.h */ = {isa = PBXFileReference; fileEncoding = 4; lastKnownFileType = sourcecode.c.h; name = Mapping.h; path = Source/Dominio/Mapping.h; sourceTree = "<group>"; };
		B5C3FA1C1A27A12C0062F014 /* Util.h */ = {isa = PBXFileReference; fileEncoding = 4; lastKnownFileType = sourcecode.c.h; name = Util.h; path = Source/Utils/Util.h; sourceTree = "<group>"; };
		B5C3FA1D1A27A12C0062F014 /* Util.m */ = {isa = PBXFileReference; fileEncoding = 4; lastKnownFileType = sourcecode.c.objc; name = Util.m; path = Source/Utils/Util.m; sourceTree = "<group>"; };
		B5C3FA1F1A27A3D40062F014 /* AVCB-Configuracoes.plist */ = {isa = PBXFileReference; fileEncoding = 4; lastKnownFileType = text.plist.xml; name = "AVCB-Configuracoes.plist"; path = "Resource/Supporting Files/AVCB-Configuracoes.plist"; sourceTree = "<group>"; };
		CB72BBBDD1D00ECFF5CAB33D /* libPods.a */ = {isa = PBXFileReference; explicitFileType = archive.ar; includeInIndex = 0; path = libPods.a; sourceTree = BUILT_PRODUCTS_DIR; };
		E8CD1A60E2D6556E31215744 /* Pods.debug.xcconfig */ = {isa = PBXFileReference; includeInIndex = 1; lastKnownFileType = text.xcconfig; name = Pods.debug.xcconfig; path = "Pods/Target Support Files/Pods/Pods.debug.xcconfig"; sourceTree = "<group>"; };
		FF1B3C971B8F61400081E66A /* AVCBBanner.h */ = {isa = PBXFileReference; fileEncoding = 4; lastKnownFileType = sourcecode.c.h; name = AVCBBanner.h; path = Source/Custom/AVCBBanner.h; sourceTree = "<group>"; };
		FF1B3C981B8F61400081E66A /* AVCBBanner.m */ = {isa = PBXFileReference; fileEncoding = 4; lastKnownFileType = sourcecode.c.objc; name = AVCBBanner.m; path = Source/Custom/AVCBBanner.m; sourceTree = "<group>"; };
		FF1B3C9B1B8F76B50081E66A /* ic_cam.png */ = {isa = PBXFileReference; lastKnownFileType = image.png; name = ic_cam.png; path = Resource/Images/home/ic_cam.png; sourceTree = "<group>"; };
		FF6480051B95C94200A31E79 /* Icon-29.png */ = {isa = PBXFileReference; lastKnownFileType = image.png; name = "Icon-29.png"; path = "Resource/Images/Icons/Icon-29.png"; sourceTree = "<group>"; };
		FF6480061B95C94200A31E79 /* Icon-40.png */ = {isa = PBXFileReference; lastKnownFileType = image.png; name = "Icon-40.png"; path = "Resource/Images/Icons/Icon-40.png"; sourceTree = "<group>"; };
		FF6480071B95C94200A31E79 /* Icon-50.png */ = {isa = PBXFileReference; lastKnownFileType = image.png; name = "Icon-50.png"; path = "Resource/Images/Icons/Icon-50.png"; sourceTree = "<group>"; };
		FF6480081B95C94200A31E79 /* Icon-57.png */ = {isa = PBXFileReference; lastKnownFileType = image.png; name = "Icon-57.png"; path = "Resource/Images/Icons/Icon-57.png"; sourceTree = "<group>"; };
		FF6480091B95C94200A31E79 /* Icon-58.png */ = {isa = PBXFileReference; lastKnownFileType = image.png; name = "Icon-58.png"; path = "Resource/Images/Icons/Icon-58.png"; sourceTree = "<group>"; };
		FF64800A1B95C94200A31E79 /* Icon-72.png */ = {isa = PBXFileReference; lastKnownFileType = image.png; name = "Icon-72.png"; path = "Resource/Images/Icons/Icon-72.png"; sourceTree = "<group>"; };
		FF64800B1B95C94200A31E79 /* Icon-76.png */ = {isa = PBXFileReference; lastKnownFileType = image.png; name = "Icon-76.png"; path = "Resource/Images/Icons/Icon-76.png"; sourceTree = "<group>"; };
		FF64800C1B95C94200A31E79 /* Icon-80.png */ = {isa = PBXFileReference; lastKnownFileType = image.png; name = "Icon-80.png"; path = "Resource/Images/Icons/Icon-80.png"; sourceTree = "<group>"; };
		FF64800D1B95C94200A31E79 /* Icon-87.png */ = {isa = PBXFileReference; lastKnownFileType = image.png; name = "Icon-87.png"; path = "Resource/Images/Icons/Icon-87.png"; sourceTree = "<group>"; };
		FF64800E1B95C94200A31E79 /* Icon-100.png */ = {isa = PBXFileReference; lastKnownFileType = image.png; name = "Icon-100.png"; path = "Resource/Images/Icons/Icon-100.png"; sourceTree = "<group>"; };
		FF64800F1B95C94200A31E79 /* Icon-114.png */ = {isa = PBXFileReference; lastKnownFileType = image.png; name = "Icon-114.png"; path = "Resource/Images/Icons/Icon-114.png"; sourceTree = "<group>"; };
		FF6480101B95C94200A31E79 /* Icon-120.png */ = {isa = PBXFileReference; lastKnownFileType = image.png; name = "Icon-120.png"; path = "Resource/Images/Icons/Icon-120.png"; sourceTree = "<group>"; };
		FF6480111B95C94200A31E79 /* Icon-144.png */ = {isa = PBXFileReference; lastKnownFileType = image.png; name = "Icon-144.png"; path = "Resource/Images/Icons/Icon-144.png"; sourceTree = "<group>"; };
		FF6480121B95C94200A31E79 /* Icon-152.png */ = {isa = PBXFileReference; lastKnownFileType = image.png; name = "Icon-152.png"; path = "Resource/Images/Icons/Icon-152.png"; sourceTree = "<group>"; };
		FF6480131B95C94200A31E79 /* Icon-180.png */ = {isa = PBXFileReference; lastKnownFileType = image.png; name = "Icon-180.png"; path = "Resource/Images/Icons/Icon-180.png"; sourceTree = "<group>"; };
		FF6480231B95CA0F00A31E79 /* splash320x480.png */ = {isa = PBXFileReference; lastKnownFileType = image.png; name = splash320x480.png; path = Resource/Images/Splash/splash320x480.png; sourceTree = "<group>"; };
		FF6480241B95CA0F00A31E79 /* splash640x960.png */ = {isa = PBXFileReference; lastKnownFileType = image.png; name = splash640x960.png; path = Resource/Images/Splash/splash640x960.png; sourceTree = "<group>"; };
		FF6480251B95CA0F00A31E79 /* splash640x1136.png */ = {isa = PBXFileReference; lastKnownFileType = image.png; name = splash640x1136.png; path = Resource/Images/Splash/splash640x1136.png; sourceTree = "<group>"; };
		FF6480261B95CA0F00A31E79 /* splash750x1334.png */ = {isa = PBXFileReference; lastKnownFileType = image.png; name = splash750x1334.png; path = Resource/Images/Splash/splash750x1334.png; sourceTree = "<group>"; };
		FF6480271B95CA0F00A31E79 /* splash768x1004.png */ = {isa = PBXFileReference; lastKnownFileType = image.png; name = splash768x1004.png; path = Resource/Images/Splash/splash768x1004.png; sourceTree = "<group>"; };
		FF6480281B95CA0F00A31E79 /* splash1024x748.png */ = {isa = PBXFileReference; lastKnownFileType = image.png; name = splash1024x748.png; path = Resource/Images/Splash/splash1024x748.png; sourceTree = "<group>"; };
		FF6480291B95CA0F00A31E79 /* splash1242x2208.png */ = {isa = PBXFileReference; lastKnownFileType = image.png; name = splash1242x2208.png; path = Resource/Images/Splash/splash1242x2208.png; sourceTree = "<group>"; };
		FF64802A1B95CA0F00A31E79 /* splash1536x2008.png */ = {isa = PBXFileReference; lastKnownFileType = image.png; name = splash1536x2008.png; path = Resource/Images/Splash/splash1536x2008.png; sourceTree = "<group>"; };
		FF64802B1B95CA0F00A31E79 /* splash2048x1236.png */ = {isa = PBXFileReference; lastKnownFileType = image.png; name = splash2048x1236.png; path = Resource/Images/Splash/splash2048x1236.png; sourceTree = "<group>"; };
		FF64802C1B95CA0F00A31E79 /* splash2048x1496.png */ = {isa = PBXFileReference; lastKnownFileType = image.png; name = splash2048x1496.png; path = Resource/Images/Splash/splash2048x1496.png; sourceTree = "<group>"; };
		FF6480371B95CAB900A31E79 /* banner.png */ = {isa = PBXFileReference; lastKnownFileType = image.png; name = banner.png; path = Resource/Images/banner/banner.png; sourceTree = "<group>"; };
		FF7E8BD91B96202400ECC45F /* banner_320.png */ = {isa = PBXFileReference; lastKnownFileType = image.png; name = banner_320.png; path = Resource/Images/banner/banner_320.png; sourceTree = "<group>"; };
		FF7E8BDA1B96202400ECC45F /* banner_640.png */ = {isa = PBXFileReference; lastKnownFileType = image.png; name = banner_640.png; path = Resource/Images/banner/banner_640.png; sourceTree = "<group>"; };
		FF7E8BDB1B96202400ECC45F /* banner_768x89.png */ = {isa = PBXFileReference; lastKnownFileType = image.png; name = banner_768x89.png; path = Resource/Images/banner/banner_768x89.png; sourceTree = "<group>"; };
		FF7E8BDC1B96202400ECC45F /* banner_960.png */ = {isa = PBXFileReference; lastKnownFileType = image.png; name = banner_960.png; path = Resource/Images/banner/banner_960.png; sourceTree = "<group>"; };
		FF7E8BDD1B96202400ECC45F /* banner_1536x178.png */ = {isa = PBXFileReference; lastKnownFileType = image.png; name = banner_1536x178.png; path = Resource/Images/banner/banner_1536x178.png; sourceTree = "<group>"; };
		FF9844A21B971A5700EB7EC4 /* Resultado.h */ = {isa = PBXFileReference; fileEncoding = 4; lastKnownFileType = sourcecode.c.h; name = Resultado.h; path = Source/Controllers/Resultado.h; sourceTree = "<group>"; };
		FF9844A31B971A5700EB7EC4 /* Resultado.m */ = {isa = PBXFileReference; fileEncoding = 4; lastKnownFileType = sourcecode.c.objc; name = Resultado.m; path = Source/Controllers/Resultado.m; sourceTree = "<group>"; };
		FFB7A9001BA85D13002E8236 /* Informacao.h */ = {isa = PBXFileReference; fileEncoding = 4; lastKnownFileType = sourcecode.c.h; name = Informacao.h; path = Source/Controllers/Informacao.h; sourceTree = "<group>"; };
		FFB7A9011BA85D13002E8236 /* Informacao.m */ = {isa = PBXFileReference; fileEncoding = 4; lastKnownFileType = sourcecode.c.objc; name = Informacao.m; path = Source/Controllers/Informacao.m; sourceTree = "<group>"; };
		FFDD80261B7D0C4100681462 /* WebViewController.h */ = {isa = PBXFileReference; fileEncoding = 4; lastKnownFileType = sourcecode.c.h; name = WebViewController.h; path = Source/Controllers/WebViewController.h; sourceTree = "<group>"; };
		FFDD80271B7D0C4100681462 /* WebViewController.m */ = {isa = PBXFileReference; fileEncoding = 4; lastKnownFileType = sourcecode.c.objc; name = WebViewController.m; path = Source/Controllers/WebViewController.m; sourceTree = "<group>"; };
/* End PBXFileReference section */

/* Begin PBXFrameworksBuildPhase section */
		B55F632B1A2656D2003EA3D1 /* Frameworks */ = {
			isa = PBXFrameworksBuildPhase;
			buildActionMask = 2147483647;
			files = (
				B5A0E6991B14F42F0016A7E6 /* SystemConfiguration.framework in Frameworks */,
				B5A0E6971B14BB6D0016A7E6 /* MapKit.framework in Frameworks */,
				B5A0E6951B14BA730016A7E6 /* CoreLocation.framework in Frameworks */,
				9625EE846E94C2FB39C990FE /* libPods.a in Frameworks */,
			);
			runOnlyForDeploymentPostprocessing = 0;
		};
		B55F63441A2656D2003EA3D1 /* Frameworks */ = {
			isa = PBXFrameworksBuildPhase;
			buildActionMask = 2147483647;
			files = (
			);
			runOnlyForDeploymentPostprocessing = 0;
		};
/* End PBXFrameworksBuildPhase section */

/* Begin PBXGroup section */
		917BB3CE4D125F3C34EEAB7D /* Frameworks */ = {
			isa = PBXGroup;
			children = (
				B5A0E6981B14F42F0016A7E6 /* SystemConfiguration.framework */,
				B5A0E6961B14BB6D0016A7E6 /* MapKit.framework */,
				B5A0E6941B14BA730016A7E6 /* CoreLocation.framework */,
				CB72BBBDD1D00ECFF5CAB33D /* libPods.a */,
			);
			name = Frameworks;
			sourceTree = "<group>";
		};
		B537ED2A1B682173001C43DF /* Icons */ = {
			isa = PBXGroup;
			children = (
				FF6480051B95C94200A31E79 /* Icon-29.png */,
				FF6480061B95C94200A31E79 /* Icon-40.png */,
				FF6480071B95C94200A31E79 /* Icon-50.png */,
				FF6480081B95C94200A31E79 /* Icon-57.png */,
				FF6480091B95C94200A31E79 /* Icon-58.png */,
				FF64800A1B95C94200A31E79 /* Icon-72.png */,
				FF64800B1B95C94200A31E79 /* Icon-76.png */,
				FF64800C1B95C94200A31E79 /* Icon-80.png */,
				FF64800D1B95C94200A31E79 /* Icon-87.png */,
				FF64800E1B95C94200A31E79 /* Icon-100.png */,
				FF64800F1B95C94200A31E79 /* Icon-114.png */,
				FF6480101B95C94200A31E79 /* Icon-120.png */,
				FF6480111B95C94200A31E79 /* Icon-144.png */,
				FF6480121B95C94200A31E79 /* Icon-152.png */,
				FF6480131B95C94200A31E79 /* Icon-180.png */,
			);
			name = Icons;
			sourceTree = "<group>";
		};
		B537ED411B68219A001C43DF /* Splash */ = {
			isa = PBXGroup;
			children = (
				FF6480231B95CA0F00A31E79 /* splash320x480.png */,
				FF6480241B95CA0F00A31E79 /* splash640x960.png */,
				FF6480251B95CA0F00A31E79 /* splash640x1136.png */,
				FF6480261B95CA0F00A31E79 /* splash750x1334.png */,
				FF6480271B95CA0F00A31E79 /* splash768x1004.png */,
				FF6480281B95CA0F00A31E79 /* splash1024x748.png */,
				FF6480291B95CA0F00A31E79 /* splash1242x2208.png */,
				FF64802A1B95CA0F00A31E79 /* splash1536x2008.png */,
				FF64802B1B95CA0F00A31E79 /* splash2048x1236.png */,
				FF64802C1B95CA0F00A31E79 /* splash2048x1496.png */,
				B52EB3941B69120900E5C95F /* splash768x1024.png */,
				B52EB3951B69120900E5C95F /* splash1024x768.png */,
				B52EB3961B69120900E5C95F /* splash1536x2048.png */,
				B52EB3971B69120900E5C95F /* splash2048x1536.png */,
				B52EB3981B69120900E5C95F /* splash2208x1242.png */,
			);
			name = Splash;
			sourceTree = "<group>";
		};
		B55F63251A2656D2003EA3D1 = {
			isa = PBXGroup;
			children = (
				B55F63301A2656D2003EA3D1 /* AVCB */,
				B55F634A1A2656D2003EA3D1 /* AVCBTests */,
				B55F632F1A2656D2003EA3D1 /* Products */,
				F44EFF256AF6394F41C20A7D /* Pods */,
				917BB3CE4D125F3C34EEAB7D /* Frameworks */,
			);
			sourceTree = "<group>";
		};
		B55F632F1A2656D2003EA3D1 /* Products */ = {
			isa = PBXGroup;
			children = (
				B55F632E1A2656D2003EA3D1 /* AVCB.app */,
				B55F63471A2656D2003EA3D1 /* AVCBTests.xctest */,
			);
			name = Products;
			sourceTree = "<group>";
		};
		B55F63301A2656D2003EA3D1 /* AVCB */ = {
			isa = PBXGroup;
			children = (
				B55F63581A2660E1003EA3D1 /* Source */,
				B55F63571A2660DB003EA3D1 /* Resource */,
				B55F633E1A2656D2003EA3D1 /* Images.xcassets */,
			);
			path = AVCB;
			sourceTree = "<group>";
		};
		B55F634A1A2656D2003EA3D1 /* AVCBTests */ = {
			isa = PBXGroup;
			children = (
				B55F634D1A2656D3003EA3D1 /* AVCBTests.m */,
				B55F634B1A2656D2003EA3D1 /* Supporting Files */,
			);
			path = AVCBTests;
			sourceTree = "<group>";
		};
		B55F634B1A2656D2003EA3D1 /* Supporting Files */ = {
			isa = PBXGroup;
			children = (
				B55F634C1A2656D2003EA3D1 /* Info.plist */,
			);
			name = "Supporting Files";
			sourceTree = "<group>";
		};
		B55F63571A2660DB003EA3D1 /* Resource */ = {
			isa = PBXGroup;
			children = (
				B55F635B1A2660F1003EA3D1 /* Supporting Files */,
				B55F635A1A2660EC003EA3D1 /* Storyboard */,
				B55F63591A2660E6003EA3D1 /* Images */,
			);
			name = Resource;
			sourceTree = "<group>";
		};
		B55F63581A2660E1003EA3D1 /* Source */ = {
			isa = PBXGroup;
			children = (
				FF1B3C961B8F61240081E66A /* Custom */,
				B5C3FA151A279E6F0062F014 /* Dominio */,
				B55F635E1A266109003EA3D1 /* Utils */,
				B55F635D1A266105003EA3D1 /* Models */,
				B55F635C1A266101003EA3D1 /* Controllers */,
			);
			name = Source;
			sourceTree = "<group>";
		};
		B55F63591A2660E6003EA3D1 /* Images */ = {
			isa = PBXGroup;
			children = (
				FF1B3C9A1B8F76A70081E66A /* home */,
				FF1B3C931B8F5E9D0081E66A /* banner */,
				B537ED411B68219A001C43DF /* Splash */,
				B537ED2A1B682173001C43DF /* Icons */,
				B55F63851A27587C003EA3D1 /* turorial22x22.png */,
				B55F63811A27586F003EA3D1 /* turorial22x22@2x.png */,
				B55F63821A27586F003EA3D1 /* turorial22x22@3x.png */,
			);
			name = Images;
			sourceTree = "<group>";
		};
		B55F635A1A2660EC003EA3D1 /* Storyboard */ = {
			isa = PBXGroup;
			children = (
				B55F63641A266154003EA3D1 /* Main.storyboard */,
			);
			name = Storyboard;
			sourceTree = "<group>";
		};
		B55F635B1A2660F1003EA3D1 /* Supporting Files */ = {
			isa = PBXGroup;
			children = (
				B55F63671A266163003EA3D1 /* Info.plist */,
				B55F63681A266163003EA3D1 /* main.m */,
				B5C3FA1F1A27A3D40062F014 /* AVCB-Configuracoes.plist */,
			);
			name = "Supporting Files";
			sourceTree = "<group>";
		};
		B55F635C1A266101003EA3D1 /* Controllers */ = {
			isa = PBXGroup;
			children = (
				B55F635F1A26612A003EA3D1 /* Main */,
				B53178BE1A48985C00B370B1 /* Home.h */,
				B53178BF1A48985C00B370B1 /* Home.m */,
				FFDD80261B7D0C4100681462 /* WebViewController.h */,
				FFDD80271B7D0C4100681462 /* WebViewController.m */,
				FF9844A21B971A5700EB7EC4 /* Resultado.h */,
				FF9844A31B971A5700EB7EC4 /* Resultado.m */,
				FFB7A9001BA85D13002E8236 /* Informacao.h */,
				FFB7A9011BA85D13002E8236 /* Informacao.m */,
			);
			name = Controllers;
			sourceTree = "<group>";
		};
		B55F635D1A266105003EA3D1 /* Models */ = {
			isa = PBXGroup;
			children = (
				B5C3FA121A279DE60062F014 /* AutoRes.h */,
				B5C3FA131A279DE60062F014 /* AutoRes.m */,
			);
			name = Models;
			sourceTree = "<group>";
		};
		B55F635E1A266109003EA3D1 /* Utils */ = {
			isa = PBXGroup;
			children = (
				B52FEBAA1B822E1C00973233 /* Reachability.h */,
				B52FEBAB1B822E1C00973233 /* Reachability.m */,
				B5C3FA1C1A27A12C0062F014 /* Util.h */,
				B5C3FA1D1A27A12C0062F014 /* Util.m */,
			);
			name = Utils;
			sourceTree = "<group>";
		};
		B55F635F1A26612A003EA3D1 /* Main */ = {
			isa = PBXGroup;
			children = (
				B55F63601A266138003EA3D1 /* AppDelegate.h */,
				B55F63611A266138003EA3D1 /* AppDelegate.m */,
			);
			name = Main;
			sourceTree = "<group>";
		};
		B5C3FA151A279E6F0062F014 /* Dominio */ = {
			isa = PBXGroup;
			children = (
				B5C3FA191A279F020062F014 /* Mapping.h */,
			);
			name = Dominio;
			sourceTree = "<group>";
		};
		F44EFF256AF6394F41C20A7D /* Pods */ = {
			isa = PBXGroup;
			children = (
				E8CD1A60E2D6556E31215744 /* Pods.debug.xcconfig */,
				1C415F0AF01E3607B72833BE /* Pods.release.xcconfig */,
			);
			name = Pods;
			sourceTree = "<group>";
		};
		FF1B3C931B8F5E9D0081E66A /* banner */ = {
			isa = PBXGroup;
			children = (
				FF7E8BD91B96202400ECC45F /* banner_320.png */,
				FF7E8BDA1B96202400ECC45F /* banner_640.png */,
				FF7E8BDB1B96202400ECC45F /* banner_768x89.png */,
				FF7E8BDC1B96202400ECC45F /* banner_960.png */,
				FF7E8BDD1B96202400ECC45F /* banner_1536x178.png */,
				FF6480371B95CAB900A31E79 /* banner.png */,
			);
			name = banner;
			sourceTree = "<group>";
		};
		FF1B3C961B8F61240081E66A /* Custom */ = {
			isa = PBXGroup;
			children = (
				FF1B3C971B8F61400081E66A /* AVCBBanner.h */,
				FF1B3C981B8F61400081E66A /* AVCBBanner.m */,
			);
			name = Custom;
			sourceTree = "<group>";
		};
		FF1B3C9A1B8F76A70081E66A /* home */ = {
			isa = PBXGroup;
			children = (
				FF1B3C9B1B8F76B50081E66A /* ic_cam.png */,
			);
			name = home;
			sourceTree = "<group>";
		};
/* End PBXGroup section */

/* Begin PBXNativeTarget section */
		B55F632D1A2656D2003EA3D1 /* AVCB */ = {
			isa = PBXNativeTarget;
			buildConfigurationList = B55F63511A2656D3003EA3D1 /* Build configuration list for PBXNativeTarget "AVCB" */;
			buildPhases = (
				6C5BE3E3283D0764CB2298D5 /* Check Pods Manifest.lock */,
				B55F632A1A2656D2003EA3D1 /* Sources */,
				B55F632B1A2656D2003EA3D1 /* Frameworks */,
				B55F632C1A2656D2003EA3D1 /* Resources */,
				9EBBC07A3998F1CBCBB98BF9 /* Copy Pods Resources */,
			);
			buildRules = (
			);
			dependencies = (
			);
			name = AVCB;
			productName = AVCB;
			productReference = B55F632E1A2656D2003EA3D1 /* AVCB.app */;
			productType = "com.apple.product-type.application";
		};
		B55F63461A2656D2003EA3D1 /* AVCBTests */ = {
			isa = PBXNativeTarget;
			buildConfigurationList = B55F63541A2656D3003EA3D1 /* Build configuration list for PBXNativeTarget "AVCBTests" */;
			buildPhases = (
				B55F63431A2656D2003EA3D1 /* Sources */,
				B55F63441A2656D2003EA3D1 /* Frameworks */,
				B55F63451A2656D2003EA3D1 /* Resources */,
			);
			buildRules = (
			);
			dependencies = (
				B55F63491A2656D2003EA3D1 /* PBXTargetDependency */,
			);
			name = AVCBTests;
			productName = AVCBTests;
			productReference = B55F63471A2656D2003EA3D1 /* AVCBTests.xctest */;
			productType = "com.apple.product-type.bundle.unit-test";
		};
/* End PBXNativeTarget section */

/* Begin PBXProject section */
		B55F63261A2656D2003EA3D1 /* Project object */ = {
			isa = PBXProject;
			attributes = {
				LastUpgradeCheck = 0640;
				ORGANIZATIONNAME = Prodesp;
				TargetAttributes = {
					B55F632D1A2656D2003EA3D1 = {
						CreatedOnToolsVersion = 6.1;
						DevelopmentTeam = NG8DB6RW5R;
					};
					B55F63461A2656D2003EA3D1 = {
						CreatedOnToolsVersion = 6.1;
						TestTargetID = B55F632D1A2656D2003EA3D1;
					};
				};
			};
			buildConfigurationList = B55F63291A2656D2003EA3D1 /* Build configuration list for PBXProject "AVCB" */;
			compatibilityVersion = "Xcode 3.2";
			developmentRegion = English;
			hasScannedForEncodings = 0;
			knownRegions = (
				en,
				Base,
			);
			mainGroup = B55F63251A2656D2003EA3D1;
			productRefGroup = B55F632F1A2656D2003EA3D1 /* Products */;
			projectDirPath = "";
			projectRoot = "";
			targets = (
				B55F632D1A2656D2003EA3D1 /* AVCB */,
				B55F63461A2656D2003EA3D1 /* AVCBTests */,
			);
		};
/* End PBXProject section */

/* Begin PBXResourcesBuildPhase section */
		B55F632C1A2656D2003EA3D1 /* Resources */ = {
			isa = PBXResourcesBuildPhase;
			buildActionMask = 2147483647;
			files = (
				B52EB3A11B69120900E5C95F /* splash2208x1242.png in Resources */,
				FF6480341B95CA0F00A31E79 /* splash1536x2008.png in Resources */,
				B52EB39D1B69120900E5C95F /* splash768x1024.png in Resources */,
				B55F63661A266154003EA3D1 /* Main.storyboard in Resources */,
				FF64802E1B95CA0F00A31E79 /* splash640x960.png in Resources */,
				B52EB39F1B69120900E5C95F /* splash1536x2048.png in Resources */,
				FF6480321B95CA0F00A31E79 /* splash1024x748.png in Resources */,
				FF6480301B95CA0F00A31E79 /* splash750x1334.png in Resources */,
				FF6480151B95C94200A31E79 /* Icon-40.png in Resources */,
				FF6480191B95C94200A31E79 /* Icon-72.png in Resources */,
				FF64801E1B95C94200A31E79 /* Icon-114.png in Resources */,
				FF7E8BDE1B96202400ECC45F /* banner_320.png in Resources */,
				FF64801B1B95C94200A31E79 /* Icon-80.png in Resources */,
				B55F63831A27586F003EA3D1 /* turorial22x22@2x.png in Resources */,
				B55F63861A27587C003EA3D1 /* turorial22x22.png in Resources */,
				FF7E8BE01B96202400ECC45F /* banner_768x89.png in Resources */,
				FF6480141B95C94200A31E79 /* Icon-29.png in Resources */,
				FF6480381B95CAB900A31E79 /* banner.png in Resources */,
				FF7E8BE11B96202400ECC45F /* banner_960.png in Resources */,
				B52EB39E1B69120900E5C95F /* splash1024x768.png in Resources */,
				FF64802F1B95CA0F00A31E79 /* splash640x1136.png in Resources */,
				FF6480221B95C94200A31E79 /* Icon-180.png in Resources */,
				FF6480211B95C94200A31E79 /* Icon-152.png in Resources */,
				FF6480161B95C94200A31E79 /* Icon-50.png in Resources */,
				FF7E8BDF1B96202400ECC45F /* banner_640.png in Resources */,
				B55F633F1A2656D2003EA3D1 /* Images.xcassets in Resources */,
				FF6480181B95C94200A31E79 /* Icon-58.png in Resources */,
				B5C3FA201A27A3D40062F014 /* AVCB-Configuracoes.plist in Resources */,
				FF6480201B95C94200A31E79 /* Icon-144.png in Resources */,
				FF7E8BE21B96202400ECC45F /* banner_1536x178.png in Resources */,
				FF6480351B95CA0F00A31E79 /* splash2048x1236.png in Resources */,
				B55F63841A27586F003EA3D1 /* turorial22x22@3x.png in Resources */,
				FF1B3C9C1B8F76B50081E66A /* ic_cam.png in Resources */,
				FF6480361B95CA0F00A31E79 /* splash2048x1496.png in Resources */,
				FF64801A1B95C94200A31E79 /* Icon-76.png in Resources */,
				FF64802D1B95CA0F00A31E79 /* splash320x480.png in Resources */,
				FF6480311B95CA0F00A31E79 /* splash768x1004.png in Resources */,
				FF6480331B95CA0F00A31E79 /* splash1242x2208.png in Resources */,
				FF6480171B95C94200A31E79 /* Icon-57.png in Resources */,
				B52EB3A01B69120900E5C95F /* splash2048x1536.png in Resources */,
				FF64801D1B95C94200A31E79 /* Icon-100.png in Resources */,
				FF64801F1B95C94200A31E79 /* Icon-120.png in Resources */,
				FF64801C1B95C94200A31E79 /* Icon-87.png in Resources */,
			);
			runOnlyForDeploymentPostprocessing = 0;
		};
		B55F63451A2656D2003EA3D1 /* Resources */ = {
			isa = PBXResourcesBuildPhase;
			buildActionMask = 2147483647;
			files = (
			);
			runOnlyForDeploymentPostprocessing = 0;
		};
/* End PBXResourcesBuildPhase section */

/* Begin PBXShellScriptBuildPhase section */
		6C5BE3E3283D0764CB2298D5 /* Check Pods Manifest.lock */ = {
			isa = PBXShellScriptBuildPhase;
			buildActionMask = 2147483647;
			files = (
			);
			inputPaths = (
			);
			name = "Check Pods Manifest.lock";
			outputPaths = (
			);
			runOnlyForDeploymentPostprocessing = 0;
			shellPath = /bin/sh;
			shellScript = "diff \"${PODS_ROOT}/../Podfile.lock\" \"${PODS_ROOT}/Manifest.lock\" > /dev/null\nif [[ $? != 0 ]] ; then\n    cat << EOM\nerror: The sandbox is not in sync with the Podfile.lock. Run 'pod install' or update your CocoaPods installation.\nEOM\n    exit 1\nfi\n";
			showEnvVarsInLog = 0;
		};
		9EBBC07A3998F1CBCBB98BF9 /* Copy Pods Resources */ = {
			isa = PBXShellScriptBuildPhase;
			buildActionMask = 2147483647;
			files = (
			);
			inputPaths = (
			);
			name = "Copy Pods Resources";
			outputPaths = (
			);
			runOnlyForDeploymentPostprocessing = 0;
			shellPath = /bin/sh;
			shellScript = "\"${SRCROOT}/Pods/Target Support Files/Pods/Pods-resources.sh\"\n";
			showEnvVarsInLog = 0;
		};
/* End PBXShellScriptBuildPhase section */

/* Begin PBXSourcesBuildPhase section */
		B55F632A1A2656D2003EA3D1 /* Sources */ = {
			isa = PBXSourcesBuildPhase;
			buildActionMask = 2147483647;
			files = (
				FF1B3C991B8F61400081E66A /* AVCBBanner.m in Sources */,
				B53178C01A48985C00B370B1 /* Home.m in Sources */,
				FFDD80281B7D0C4100681462 /* WebViewController.m in Sources */,
				B52FEBAC1B822E1C00973233 /* Reachability.m in Sources */,
				B55F636A1A266163003EA3D1 /* main.m in Sources */,
				B55F63621A266138003EA3D1 /* AppDelegate.m in Sources */,
				B5C3FA141A279DE60062F014 /* AutoRes.m in Sources */,
				B5C3FA1E1A27A12C0062F014 /* Util.m in Sources */,
				FF9844A41B971A5700EB7EC4 /* Resultado.m in Sources */,
				FFB7A9021BA85D13002E8236 /* Informacao.m in Sources */,
			);
			runOnlyForDeploymentPostprocessing = 0;
		};
		B55F63431A2656D2003EA3D1 /* Sources */ = {
			isa = PBXSourcesBuildPhase;
			buildActionMask = 2147483647;
			files = (
				B55F634E1A2656D3003EA3D1 /* AVCBTests.m in Sources */,
			);
			runOnlyForDeploymentPostprocessing = 0;
		};
/* End PBXSourcesBuildPhase section */

/* Begin PBXTargetDependency section */
		B55F63491A2656D2003EA3D1 /* PBXTargetDependency */ = {
			isa = PBXTargetDependency;
			target = B55F632D1A2656D2003EA3D1 /* AVCB */;
			targetProxy = B55F63481A2656D2003EA3D1 /* PBXContainerItemProxy */;
		};
/* End PBXTargetDependency section */

/* Begin XCBuildConfiguration section */
		B55F634F1A2656D3003EA3D1 /* Debug */ = {
			isa = XCBuildConfiguration;
			buildSettings = {
				ALWAYS_SEARCH_USER_PATHS = NO;
				CLANG_CXX_LANGUAGE_STANDARD = "gnu++0x";
				CLANG_CXX_LIBRARY = "libc++";
				CLANG_ENABLE_MODULES = YES;
				CLANG_ENABLE_OBJC_ARC = YES;
				CLANG_WARN_BOOL_CONVERSION = YES;
				CLANG_WARN_CONSTANT_CONVERSION = YES;
				CLANG_WARN_DIRECT_OBJC_ISA_USAGE = YES_ERROR;
				CLANG_WARN_EMPTY_BODY = YES;
				CLANG_WARN_ENUM_CONVERSION = YES;
				CLANG_WARN_INT_CONVERSION = YES;
				CLANG_WARN_OBJC_ROOT_CLASS = YES_ERROR;
				CLANG_WARN_UNREACHABLE_CODE = YES;
				CLANG_WARN__DUPLICATE_METHOD_MATCH = YES;
				"CODE_SIGN_IDENTITY[sdk=iphoneos*]" = "iPhone Developer";
				COPY_PHASE_STRIP = NO;
				ENABLE_STRICT_OBJC_MSGSEND = YES;
				GCC_C_LANGUAGE_STANDARD = gnu99;
				GCC_DYNAMIC_NO_PIC = NO;
				GCC_OPTIMIZATION_LEVEL = 0;
				GCC_PREPROCESSOR_DEFINITIONS = (
					"DEBUG=1",
					"$(inherited)",
				);
				GCC_SYMBOLS_PRIVATE_EXTERN = NO;
				GCC_WARN_64_TO_32_BIT_CONVERSION = YES;
				GCC_WARN_ABOUT_RETURN_TYPE = YES_ERROR;
				GCC_WARN_UNDECLARED_SELECTOR = YES;
				GCC_WARN_UNINITIALIZED_AUTOS = YES_AGGRESSIVE;
				GCC_WARN_UNUSED_FUNCTION = YES;
				GCC_WARN_UNUSED_VARIABLE = YES;
				IPHONEOS_DEPLOYMENT_TARGET = 7.0;
				MTL_ENABLE_DEBUG_INFO = YES;
				ONLY_ACTIVE_ARCH = YES;
				SDKROOT = iphoneos;
				TARGETED_DEVICE_FAMILY = "1,2";
			};
			name = Debug;
		};
		B55F63501A2656D3003EA3D1 /* Release */ = {
			isa = XCBuildConfiguration;
			buildSettings = {
				ALWAYS_SEARCH_USER_PATHS = NO;
				CLANG_CXX_LANGUAGE_STANDARD = "gnu++0x";
				CLANG_CXX_LIBRARY = "libc++";
				CLANG_ENABLE_MODULES = YES;
				CLANG_ENABLE_OBJC_ARC = YES;
				CLANG_WARN_BOOL_CONVERSION = YES;
				CLANG_WARN_CONSTANT_CONVERSION = YES;
				CLANG_WARN_DIRECT_OBJC_ISA_USAGE = YES_ERROR;
				CLANG_WARN_EMPTY_BODY = YES;
				CLANG_WARN_ENUM_CONVERSION = YES;
				CLANG_WARN_INT_CONVERSION = YES;
				CLANG_WARN_OBJC_ROOT_CLASS = YES_ERROR;
				CLANG_WARN_UNREACHABLE_CODE = YES;
				CLANG_WARN__DUPLICATE_METHOD_MATCH = YES;
				"CODE_SIGN_IDENTITY[sdk=iphoneos*]" = "iPhone Developer";
				COPY_PHASE_STRIP = YES;
				ENABLE_NS_ASSERTIONS = NO;
				ENABLE_STRICT_OBJC_MSGSEND = YES;
				GCC_C_LANGUAGE_STANDARD = gnu99;
				GCC_WARN_64_TO_32_BIT_CONVERSION = YES;
				GCC_WARN_ABOUT_RETURN_TYPE = YES_ERROR;
				GCC_WARN_UNDECLARED_SELECTOR = YES;
				GCC_WARN_UNINITIALIZED_AUTOS = YES_AGGRESSIVE;
				GCC_WARN_UNUSED_FUNCTION = YES;
				GCC_WARN_UNUSED_VARIABLE = YES;
				IPHONEOS_DEPLOYMENT_TARGET = 7.0;
				MTL_ENABLE_DEBUG_INFO = NO;
				SDKROOT = iphoneos;
				TARGETED_DEVICE_FAMILY = "1,2";
				VALIDATE_PRODUCT = YES;
			};
			name = Release;
		};
		B55F63521A2656D3003EA3D1 /* Debug */ = {
			isa = XCBuildConfiguration;
			baseConfigurationReference = E8CD1A60E2D6556E31215744 /* Pods.debug.xcconfig */;
			buildSettings = {
				ASSETCATALOG_COMPILER_APPICON_NAME = AppIcon;
				ASSETCATALOG_COMPILER_LAUNCHIMAGE_NAME = LaunchImage;
				CODE_SIGN_IDENTITY = "iPhone Developer";
				INFOPLIST_FILE = "$(SRCROOT)/AVCB/Resource/Supporting Files/Info.plist";
				IPHONEOS_DEPLOYMENT_TARGET = 7.0;
				LD_RUNPATH_SEARCH_PATHS = "$(inherited) @executable_path/Frameworks";
				PRODUCT_NAME = "$(TARGET_NAME)";
			};
			name = Debug;
		};
		B55F63531A2656D3003EA3D1 /* Release */ = {
			isa = XCBuildConfiguration;
			baseConfigurationReference = 1C415F0AF01E3607B72833BE /* Pods.release.xcconfig */;
			buildSettings = {
				ASSETCATALOG_COMPILER_APPICON_NAME = AppIcon;
				ASSETCATALOG_COMPILER_LAUNCHIMAGE_NAME = LaunchImage;
				CODE_SIGN_IDENTITY = "iPhone Developer";
				INFOPLIST_FILE = "$(SRCROOT)/AVCB/Resource/Supporting Files/Info.plist";
				IPHONEOS_DEPLOYMENT_TARGET = 7.0;
				LD_RUNPATH_SEARCH_PATHS = "$(inherited) @executable_path/Frameworks";
				PRODUCT_NAME = "$(TARGET_NAME)";
			};
			name = Release;
		};
		B55F63551A2656D3003EA3D1 /* Debug */ = {
			isa = XCBuildConfiguration;
			buildSettings = {
				BUNDLE_LOADER = "$(TEST_HOST)";
				FRAMEWORK_SEARCH_PATHS = (
					"$(SDKROOT)/Developer/Library/Frameworks",
					"$(inherited)",
				);
				GCC_PREPROCESSOR_DEFINITIONS = (
					"DEBUG=1",
					"$(inherited)",
				);
				INFOPLIST_FILE = AVCBTests/Info.plist;
				LD_RUNPATH_SEARCH_PATHS = "$(inherited) @executable_path/Frameworks @loader_path/Frameworks";
				PRODUCT_NAME = "$(TARGET_NAME)";
				TEST_HOST = "$(BUILT_PRODUCTS_DIR)/AVCB.app/AVCB";
			};
			name = Debug;
		};
		B55F63561A2656D3003EA3D1 /* Release */ = {
			isa = XCBuildConfiguration;
			buildSettings = {
				BUNDLE_LOADER = "$(TEST_HOST)";
				FRAMEWORK_SEARCH_PATHS = (
					"$(SDKROOT)/Developer/Library/Frameworks",
					"$(inherited)",
				);
				INFOPLIST_FILE = AVCBTests/Info.plist;
				LD_RUNPATH_SEARCH_PATHS = "$(inherited) @executable_path/Frameworks @loader_path/Frameworks";
				PRODUCT_NAME = "$(TARGET_NAME)";
				TEST_HOST = "$(BUILT_PRODUCTS_DIR)/AVCB.app/AVCB";
			};
			name = Release;
		};
/* End XCBuildConfiguration section */

/* Begin XCConfigurationList section */
		B55F63291A2656D2003EA3D1 /* Build configuration list for PBXProject "AVCB" */ = {
			isa = XCConfigurationList;
			buildConfigurations = (
				B55F634F1A2656D3003EA3D1 /* Debug */,
				B55F63501A2656D3003EA3D1 /* Release */,
			);
			defaultConfigurationIsVisible = 0;
			defaultConfigurationName = Release;
		};
		B55F63511A2656D3003EA3D1 /* Build configuration list for PBXNativeTarget "AVCB" */ = {
			isa = XCConfigurationList;
			buildConfigurations = (
				B55F63521A2656D3003EA3D1 /* Debug */,
				B55F63531A2656D3003EA3D1 /* Release */,
			);
			defaultConfigurationIsVisible = 0;
			defaultConfigurationName = Release;
		};
		B55F63541A2656D3003EA3D1 /* Build configuration list for PBXNativeTarget "AVCBTests" */ = {
			isa = XCConfigurationList;
			buildConfigurations = (
				B55F63551A2656D3003EA3D1 /* Debug */,
				B55F63561A2656D3003EA3D1 /* Release */,
			);
			defaultConfigurationIsVisible = 0;
			defaultConfigurationName = Release;
		};
/* End XCConfigurationList section */
	};
	rootObject = B55F63261A2656D2003EA3D1 /* Project object */;
}
